// !$*UTF8*$!
{
	archiveVersion = 1;
	classes = {
	};
	objectVersion = 46;
	objects = {

/* Begin PBXBuildFile section */
		11B3E3681CAE5D3D005BF402 /* AppDelegate.m in Sources */ = {isa = PBXBuildFile; fileRef = 11B3E35D1CAE5D3D005BF402 /* AppDelegate.m */; };
		11B3E3691CAE5D3D005BF402 /* Assets.xcassets in Resources */ = {isa = PBXBuildFile; fileRef = 11B3E35E1CAE5D3D005BF402 /* Assets.xcassets */; };
		11B3E36A1CAE5D3D005BF402 /* LaunchScreen.storyboard in Resources */ = {isa = PBXBuildFile; fileRef = 11B3E3601CAE5D3D005BF402 /* LaunchScreen.storyboard */; };
		11B3E36B1CAE5D3D005BF402 /* Main.storyboard in Resources */ = {isa = PBXBuildFile; fileRef = 11B3E3621CAE5D3D005BF402 /* Main.storyboard */; };
		11B3E36E1CAE5D3D005BF402 /* ViewController.m in Sources */ = {isa = PBXBuildFile; fileRef = 11B3E3671CAE5D3D005BF402 /* ViewController.m */; };
		11B3E3761CAE5DE2005BF402 /* main.m in Sources */ = {isa = PBXBuildFile; fileRef = 11B3E3751CAE5DE2005BF402 /* main.m */; };
		11B3E3771CAE5E1D005BF402 /* Info.plist in Resources */ = {isa = PBXBuildFile; fileRef = 11B3E3641CAE5D3D005BF402 /* Info.plist */; };
		11C488A11CC8B00D00E6605F /* AppData.m in Sources */ = {isa = PBXBuildFile; fileRef = 11C488A01CC8B00D00E6605F /* AppData.m */; };
		11C488AC1CC8B38E00E6605F /* test.html in Resources */ = {isa = PBXBuildFile; fileRef = 11C488AB1CC8B38E00E6605F /* test.html */; };
/* End PBXBuildFile section */

/* Begin PBXFileReference section */
		116EB3261CABC1C100A97E97 /* SDKlessWKWebView.app */ = {isa = PBXFileReference; explicitFileType = wrapper.application; includeInIndex = 0; path = SDKlessWKWebView.app; sourceTree = BUILT_PRODUCTS_DIR; };
		11B3E35C1CAE5D3D005BF402 /* AppDelegate.h */ = {isa = PBXFileReference; fileEncoding = 4; lastKnownFileType = sourcecode.c.h; name = AppDelegate.h; path = SDKlessWKWebView/AppDelegate.h; sourceTree = SOURCE_ROOT; };
		11B3E35D1CAE5D3D005BF402 /* AppDelegate.m */ = {isa = PBXFileReference; fileEncoding = 4; lastKnownFileType = sourcecode.c.objc; name = AppDelegate.m; path = SDKlessWKWebView/AppDelegate.m; sourceTree = SOURCE_ROOT; };
		11B3E35E1CAE5D3D005BF402 /* Assets.xcassets */ = {isa = PBXFileReference; lastKnownFileType = folder.assetcatalog; name = Assets.xcassets; path = SDKlessWKWebView/Assets.xcassets; sourceTree = SOURCE_ROOT; };
		11B3E3611CAE5D3D005BF402 /* Base */ = {isa = PBXFileReference; lastKnownFileType = file.storyboard; name = Base; path = LaunchScreen.storyboard; sourceTree = "<group>"; };
		11B3E3631CAE5D3D005BF402 /* Base */ = {isa = PBXFileReference; lastKnownFileType = file.storyboard; name = Base; path = Main.storyboard; sourceTree = "<group>"; };
		11B3E3641CAE5D3D005BF402 /* Info.plist */ = {isa = PBXFileReference; fileEncoding = 4; lastKnownFileType = text.plist.xml; name = Info.plist; path = SDKlessWKWebView/Info.plist; sourceTree = SOURCE_ROOT; };
		11B3E3661CAE5D3D005BF402 /* ViewController.h */ = {isa = PBXFileReference; fileEncoding = 4; lastKnownFileType = sourcecode.c.h; name = ViewController.h; path = SDKlessWKWebView/ViewController.h; sourceTree = SOURCE_ROOT; };
		11B3E3671CAE5D3D005BF402 /* ViewController.m */ = {isa = PBXFileReference; fileEncoding = 4; lastKnownFileType = sourcecode.c.objc; name = ViewController.m; path = SDKlessWKWebView/ViewController.m; sourceTree = SOURCE_ROOT; };
		11B3E3751CAE5DE2005BF402 /* main.m */ = {isa = PBXFileReference; fileEncoding = 4; lastKnownFileType = sourcecode.c.objc; name = main.m; path = SDKlessWKWebView/main.m; sourceTree = SOURCE_ROOT; };
		11C4889F1CC8B00D00E6605F /* AppData.h */ = {isa = PBXFileReference; fileEncoding = 4; lastKnownFileType = sourcecode.c.h; name = AppData.h; path = SDKlessWKWebView/AppData.h; sourceTree = SOURCE_ROOT; };
		11C488A01CC8B00D00E6605F /* AppData.m */ = {isa = PBXFileReference; fileEncoding = 4; lastKnownFileType = sourcecode.c.objc; name = AppData.m; path = SDKlessWKWebView/AppData.m; sourceTree = SOURCE_ROOT; };
		11C488AB1CC8B38E00E6605F /* test.html */ = {isa = PBXFileReference; fileEncoding = 4; lastKnownFileType = text.html; name = test.html; path = SDKlessWKWebView/test.html; sourceTree = SOURCE_ROOT; };
/* End PBXFileReference section */

/* Begin PBXFrameworksBuildPhase section */
		116EB3231CABC1C100A97E97 /* Frameworks */ = {
			isa = PBXFrameworksBuildPhase;
			buildActionMask = 2147483647;
			files = (
			);
			runOnlyForDeploymentPostprocessing = 0;
		};
/* End PBXFrameworksBuildPhase section */

/* Begin PBXGroup section */
		116EB31D1CABC1C100A97E97 = {
			isa = PBXGroup;
			children = (
				116EB3281CABC1C100A97E97 /* SDKlessWKWebView */,
				116EB3271CABC1C100A97E97 /* Products */,
			);
			sourceTree = "<group>";
		};
		116EB3271CABC1C100A97E97 /* Products */ = {
			isa = PBXGroup;
			children = (
				116EB3261CABC1C100A97E97 /* SDKlessWKWebView.app */,
			);
			name = Products;
			sourceTree = "<group>";
		};
		116EB3281CABC1C100A97E97 /* SDKlessWKWebView */ = {
			isa = PBXGroup;
			children = (
				11B3E35C1CAE5D3D005BF402 /* AppDelegate.h */,
				11B3E35D1CAE5D3D005BF402 /* AppDelegate.m */,
				11B3E3661CAE5D3D005BF402 /* ViewController.h */,
				11B3E3671CAE5D3D005BF402 /* ViewController.m */,
				11C4889F1CC8B00D00E6605F /* AppData.h */,
				11C488A01CC8B00D00E6605F /* AppData.m */,
				11B3E3641CAE5D3D005BF402 /* Info.plist */,
				11B3E3751CAE5DE2005BF402 /* main.m */,
				11C488AB1CC8B38E00E6605F /* test.html */,
				11B3E35E1CAE5D3D005BF402 /* Assets.xcassets */,
				11B3E35F1CAE5D3D005BF402 /* Base.lproj */,
			);
			name = SDKlessWKWebView;
			path = SDKless2;
			sourceTree = "<group>";
		};
		11B3E35F1CAE5D3D005BF402 /* Base.lproj */ = {
			isa = PBXGroup;
			children = (
				11B3E3601CAE5D3D005BF402 /* LaunchScreen.storyboard */,
				11B3E3621CAE5D3D005BF402 /* Main.storyboard */,
			);
			name = Base.lproj;
			path = SDKlessWKWebView/Base.lproj;
			sourceTree = SOURCE_ROOT;
		};
/* End PBXGroup section */

/* Begin PBXNativeTarget section */
		116EB3251CABC1C100A97E97 /* SDKlessWKWebView */ = {
			isa = PBXNativeTarget;
			buildConfigurationList = 116EB33D1CABC1C100A97E97 /* Build configuration list for PBXNativeTarget "SDKlessWKWebView" */;
			buildPhases = (
				116EB3221CABC1C100A97E97 /* Sources */,
				116EB3231CABC1C100A97E97 /* Frameworks */,
				116EB3241CABC1C100A97E97 /* Resources */,
			);
			buildRules = (
			);
			dependencies = (
			);
			name = SDKlessWKWebView;
			productName = SDKless2;
			productReference = 116EB3261CABC1C100A97E97 /* SDKlessWKWebView.app */;
			productType = "com.apple.product-type.application";
		};
/* End PBXNativeTarget section */

/* Begin PBXProject section */
		116EB31E1CABC1C100A97E97 /* Project object */ = {
			isa = PBXProject;
			attributes = {
				LastUpgradeCheck = 0730;
				ORGANIZATIONNAME = "Geniee Inc.";
				TargetAttributes = {
					116EB3251CABC1C100A97E97 = {
						CreatedOnToolsVersion = 7.3;
					};
				};
			};
			buildConfigurationList = 116EB3211CABC1C100A97E97 /* Build configuration list for PBXProject "SDKlessWKWebView" */;
			compatibilityVersion = "Xcode 3.2";
			developmentRegion = English;
			hasScannedForEncodings = 0;
			knownRegions = (
				en,
				Base,
			);
			mainGroup = 116EB31D1CABC1C100A97E97;
			productRefGroup = 116EB3271CABC1C100A97E97 /* Products */;
			projectDirPath = "";
			projectRoot = "";
			targets = (
				116EB3251CABC1C100A97E97 /* SDKlessWKWebView */,
			);
		};
/* End PBXProject section */

/* Begin PBXResourcesBuildPhase section */
		116EB3241CABC1C100A97E97 /* Resources */ = {
			isa = PBXResourcesBuildPhase;
			buildActionMask = 2147483647;
			files = (
				11B3E3771CAE5E1D005BF402 /* Info.plist in Resources */,
				11B3E36B1CAE5D3D005BF402 /* Main.storyboard in Resources */,
				11B3E36A1CAE5D3D005BF402 /* LaunchScreen.storyboard in Resources */,
				11C488AC1CC8B38E00E6605F /* test.html in Resources */,
				11B3E3691CAE5D3D005BF402 /* Assets.xcassets in Resources */,
			);
			runOnlyForDeploymentPostprocessing = 0;
		};
/* End PBXResourcesBuildPhase section */

/* Begin PBXSourcesBuildPhase section */
		116EB3221CABC1C100A97E97 /* Sources */ = {
			isa = PBXSourcesBuildPhase;
			buildActionMask = 2147483647;
			files = (
				11B3E3681CAE5D3D005BF402 /* AppDelegate.m in Sources */,
				11B3E36E1CAE5D3D005BF402 /* ViewController.m in Sources */,
				11B3E3761CAE5DE2005BF402 /* main.m in Sources */,
				11C488A11CC8B00D00E6605F /* AppData.m in Sources */,
			);
			runOnlyForDeploymentPostprocessing = 0;
		};
/* End PBXSourcesBuildPhase section */

/* Begin PBXVariantGroup section */
		11B3E3601CAE5D3D005BF402 /* LaunchScreen.storyboard */ = {
			isa = PBXVariantGroup;
			children = (
				11B3E3611CAE5D3D005BF402 /* Base */,
			);
			name = LaunchScreen.storyboard;
			sourceTree = "<group>";
		};
		11B3E3621CAE5D3D005BF402 /* Main.storyboard */ = {
			isa = PBXVariantGroup;
			children = (
				11B3E3631CAE5D3D005BF402 /* Base */,
			);
			name = Main.storyboard;
			sourceTree = "<group>";
		};
/* End PBXVariantGroup section */

/* Begin XCBuildConfiguration section */
		116EB33B1CABC1C100A97E97 /* Debug */ = {
			isa = XCBuildConfiguration;
			buildSettings = {
				ALWAYS_SEARCH_USER_PATHS = NO;
				CLANG_ANALYZER_NONNULL = YES;
				CLANG_CXX_LANGUAGE_STANDARD = "gnu++0x";
				CLANG_CXX_LIBRARY = "libc++";
				CLANG_ENABLE_MODULES = YES;
				CLANG_ENABLE_OBJC_ARC = YES;
				CLANG_WARN_BOOL_CONVERSION = YES;
				CLANG_WARN_CONSTANT_CONVERSION = YES;
				CLANG_WARN_DIRECT_OBJC_ISA_USAGE = YES_ERROR;
				CLANG_WARN_EMPTY_BODY = YES;
				CLANG_WARN_ENUM_CONVERSION = YES;
				CLANG_WARN_INT_CONVERSION = YES;
				CLANG_WARN_OBJC_ROOT_CLASS = YES_ERROR;
				CLANG_WARN_UNREACHABLE_CODE = YES;
				CLANG_WARN__DUPLICATE_METHOD_MATCH = YES;
				"CODE_SIGN_IDENTITY[sdk=iphoneos*]" = "iPhone Developer";
				COPY_PHASE_STRIP = NO;
				DEBUG_INFORMATION_FORMAT = dwarf;
				ENABLE_STRICT_OBJC_MSGSEND = YES;
				ENABLE_TESTABILITY = YES;
				GCC_C_LANGUAGE_STANDARD = gnu99;
				GCC_DYNAMIC_NO_PIC = NO;
				GCC_NO_COMMON_BLOCKS = YES;
				GCC_OPTIMIZATION_LEVEL = 0;
				GCC_PREPROCESSOR_DEFINITIONS = (
					"DEBUG=1",
					"$(inherited)",
				);
				GCC_WARN_64_TO_32_BIT_CONVERSION = YES;
				GCC_WARN_ABOUT_RETURN_TYPE = YES_ERROR;
				GCC_WARN_UNDECLARED_SELECTOR = YES;
				GCC_WARN_UNINITIALIZED_AUTOS = YES_AGGRESSIVE;
				GCC_WARN_UNUSED_FUNCTION = YES;
				GCC_WARN_UNUSED_VARIABLE = YES;
				IPHONEOS_DEPLOYMENT_TARGET = 9.3;
				MTL_ENABLE_DEBUG_INFO = YES;
				ONLY_ACTIVE_ARCH = YES;
				SDKROOT = iphoneos;
			};
			name = Debug;
		};
		116EB33C1CABC1C100A97E97 /* Release */ = {
			isa = XCBuildConfiguration;
			buildSettings = {
				ALWAYS_SEARCH_USER_PATHS = NO;
				CLANG_ANALYZER_NONNULL = YES;
				CLANG_CXX_LANGUAGE_STANDARD = "gnu++0x";
				CLANG_CXX_LIBRARY = "libc++";
				CLANG_ENABLE_MODULES = YES;
				CLANG_ENABLE_OBJC_ARC = YES;
				CLANG_WARN_BOOL_CONVERSION = YES;
				CLANG_WARN_CONSTANT_CONVERSION = YES;
				CLANG_WARN_DIRECT_OBJC_ISA_USAGE = YES_ERROR;
				CLANG_WARN_EMPTY_BODY = YES;
				CLANG_WARN_ENUM_CONVERSION = YES;
				CLANG_WARN_INT_CONVERSION = YES;
				CLANG_WARN_OBJC_ROOT_CLASS = YES_ERROR;
				CLANG_WARN_UNREACHABLE_CODE = YES;
				CLANG_WARN__DUPLICATE_METHOD_MATCH = YES;
				"CODE_SIGN_IDENTITY[sdk=iphoneos*]" = "iPhone Developer";
				COPY_PHASE_STRIP = NO;
				DEBUG_INFORMATION_FORMAT = "dwarf-with-dsym";
				ENABLE_NS_ASSERTIONS = NO;
				ENABLE_STRICT_OBJC_MSGSEND = YES;
				GCC_C_LANGUAGE_STANDARD = gnu99;
				GCC_NO_COMMON_BLOCKS = YES;
				GCC_WARN_64_TO_32_BIT_CONVERSION = YES;
				GCC_WARN_ABOUT_RETURN_TYPE = YES_ERROR;
				GCC_WARN_UNDECLARED_SELECTOR = YES;
				GCC_WARN_UNINITIALIZED_AUTOS = YES_AGGRESSIVE;
				GCC_WARN_UNUSED_FUNCTION = YES;
				GCC_WARN_UNUSED_VARIABLE = YES;
				IPHONEOS_DEPLOYMENT_TARGET = 9.3;
				MTL_ENABLE_DEBUG_INFO = NO;
				SDKROOT = iphoneos;
				VALIDATE_PRODUCT = YES;
			};
			name = Release;
		};
		116EB33E1CABC1C100A97E97 /* Debug */ = {
			isa = XCBuildConfiguration;
			buildSettings = {
				ASSETCATALOG_COMPILER_APPICON_NAME = AppIcon;
				INFOPLIST_FILE = "$(SRCROOT)/SDKlessWKWebView/Info.plist";
				IPHONEOS_DEPLOYMENT_TARGET = 8.0;
				LD_RUNPATH_SEARCH_PATHS = "$(inherited) @executable_path/Frameworks";
				PRODUCT_BUNDLE_IDENTIFIER = jp.co.geniee.SDKlessWKWebView;
				PRODUCT_NAME = SDKlessWKWebView;
			};
			name = Debug;
		};
		116EB33F1CABC1C100A97E97 /* Release */ = {
			isa = XCBuildConfiguration;
			buildSettings = {
				ASSETCATALOG_COMPILER_APPICON_NAME = AppIcon;
				INFOPLIST_FILE = "$(SRCROOT)/SDKlessWKWebView/Info.plist";
				IPHONEOS_DEPLOYMENT_TARGET = 8.0;
				LD_RUNPATH_SEARCH_PATHS = "$(inherited) @executable_path/Frameworks";
				PRODUCT_BUNDLE_IDENTIFIER = jp.co.geniee.SDKlessWKWebView;
				PRODUCT_NAME = SDKlessWKWebView;
			};
			name = Release;
		};
/* End XCBuildConfiguration section */

/* Begin XCConfigurationList section */
		116EB3211CABC1C100A97E97 /* Build configuration list for PBXProject "SDKlessWKWebView" */ = {
			isa = XCConfigurationList;
			buildConfigurations = (
				116EB33B1CABC1C100A97E97 /* Debug */,
				116EB33C1CABC1C100A97E97 /* Release */,
			);
			defaultConfigurationIsVisible = 0;
			defaultConfigurationName = Release;
		};
		116EB33D1CABC1C100A97E97 /* Build configuration list for PBXNativeTarget "SDKlessWKWebView" */ = {
			isa = XCConfigurationList;
			buildConfigurations = (
				116EB33E1CABC1C100A97E97 /* Debug */,
				116EB33F1CABC1C100A97E97 /* Release */,
			);
			defaultConfigurationIsVisible = 0;
			defaultConfigurationName = Release;
		};
/* End XCConfigurationList section */
	};
	rootObject = 116EB31E1CABC1C100A97E97 /* Project object */;
}
